# This file is automatically @generated by Cargo.
# It is not intended for manual editing.
version = 3

[[package]]
name = "ast"
version = "0.0.0"
dependencies = [
 "source-index",
]

[[package]]
name = "cli"
version = "0.0.0"
dependencies = [
 "ast",
 "parser",
]

[[package]]
name = "parser"
version = "0.0.0"
dependencies = [
 "ast",
 "source-index",
]

[[package]]
name = "server"
version = "0.0.0"

[[package]]
name = "source-index"
version = "0.0.0"
